
Microsoft Visual Studio Solution File, Format Version 12.00
# Visual Studio Version 16
VisualStudioVersion = 16.0.30523.141
MinimumVisualStudioVersion = 10.0.40219.1
Project("{9A19103F-16F7-4668-BE54-9A1E7A4F7556}") = "Sorting", "Sorting\Sorting.csproj", "{3D8D1B59-7A76-49B0-9932-38FFA1D1B7AD}"
EndProject
Project("{9A19103F-16F7-4668-BE54-9A1E7A4F7556}") = "001_SelectionSort", "001_SelectionSort\001_SelectionSort.csproj", "{DAC55A85-1870-4C7E-A7F4-6B14387CA35D}"
EndProject
Project("{9A19103F-16F7-4668-BE54-9A1E7A4F7556}") = "002_InsertionSort", "002_InsertionSort\002_InsertionSort.csproj", "{75C0F9C4-1615-4A1C-846F-CDAC03A74A54}"
EndProject
Project("{9A19103F-16F7-4668-BE54-9A1E7A4F7556}") = "003_Bubble Sort", "Bubble Sort\003_Bubble Sort.csproj", "{4C1EDDAC-6FE3-43DE-A466-55071A162FCB}"
EndProject
Project("{FAE04EC0-301F-11D3-BF4B-00C04F79EFBC}") = "004_MergeSort", "004_MergeSort\004_MergeSort.csproj", "{1F2F5737-FD77-4C84-BF01-E45FAF619AFD}"
EndProject
Project("{FAE04EC0-301F-11D3-BF4B-00C04F79EFBC}") = "005_QuickSort", "005_QuickSort\005_QuickSort.csproj", "{6E78B583-61C8-4DAF-B8A6-DD7CD424370F}"
EndProject
Global
	GlobalSection(SolutionConfigurationPlatforms) = preSolution
		Debug|Any CPU = Debug|Any CPU
		Release|Any CPU = Release|Any CPU
	EndGlobalSection
	GlobalSection(ProjectConfigurationPlatforms) = postSolution
		{3D8D1B59-7A76-49B0-9932-38FFA1D1B7AD}.Debug|Any CPU.ActiveCfg = Debug|Any CPU
		{3D8D1B59-7A76-49B0-9932-38FFA1D1B7AD}.Debug|Any CPU.Build.0 = Debug|Any CPU
		{3D8D1B59-7A76-49B0-9932-38FFA1D1B7AD}.Release|Any CPU.ActiveCfg = Release|Any CPU
		{3D8D1B59-7A76-49B0-9932-38FFA1D1B7AD}.Release|Any CPU.Build.0 = Release|Any CPU
		{DAC55A85-1870-4C7E-A7F4-6B14387CA35D}.Debug|Any CPU.ActiveCfg = Debug|Any CPU
		{DAC55A85-1870-4C7E-A7F4-6B14387CA35D}.Debug|Any CPU.Build.0 = Debug|Any CPU
		{DAC55A85-1870-4C7E-A7F4-6B14387CA35D}.Release|Any CPU.ActiveCfg = Release|Any CPU
		{DAC55A85-1870-4C7E-A7F4-6B14387CA35D}.Release|Any CPU.Build.0 = Release|Any CPU
		{75C0F9C4-1615-4A1C-846F-CDAC03A74A54}.Debug|Any CPU.ActiveCfg = Debug|Any CPU
		{75C0F9C4-1615-4A1C-846F-CDAC03A74A54}.Debug|Any CPU.Build.0 = Debug|Any CPU
		{75C0F9C4-1615-4A1C-846F-CDAC03A74A54}.Release|Any CPU.ActiveCfg = Release|Any CPU
		{75C0F9C4-1615-4A1C-846F-CDAC03A74A54}.Release|Any CPU.Build.0 = Release|Any CPU
		{4C1EDDAC-6FE3-43DE-A466-55071A162FCB}.Debug|Any CPU.ActiveCfg = Debug|Any CPU
		{4C1EDDAC-6FE3-43DE-A466-55071A162FCB}.Debug|Any CPU.Build.0 = Debug|Any CPU
		{4C1EDDAC-6FE3-43DE-A466-55071A162FCB}.Release|Any CPU.ActiveCfg = Release|Any CPU
		{4C1EDDAC-6FE3-43DE-A466-55071A162FCB}.Release|Any CPU.Build.0 = Release|Any CPU
		{1F2F5737-FD77-4C84-BF01-E45FAF619AFD}.Debug|Any CPU.ActiveCfg = Debug|Any CPU
		{1F2F5737-FD77-4C84-BF01-E45FAF619AFD}.Debug|Any CPU.Build.0 = Debug|Any CPU
		{1F2F5737-FD77-4C84-BF01-E45FAF619AFD}.Release|Any CPU.ActiveCfg = Release|Any CPU
		{1F2F5737-FD77-4C84-BF01-E45FAF619AFD}.Release|Any CPU.Build.0 = Release|Any CPU
		{6E78B583-61C8-4DAF-B8A6-DD7CD424370F}.Debug|Any CPU.ActiveCfg = Debug|Any CPU
		{6E78B583-61C8-4DAF-B8A6-DD7CD424370F}.Debug|Any CPU.Build.0 = Debug|Any CPU
		{6E78B583-61C8-4DAF-B8A6-DD7CD424370F}.Release|Any CPU.ActiveCfg = Release|Any CPU
		{6E78B583-61C8-4DAF-B8A6-DD7CD424370F}.Release|Any CPU.Build.0 = Release|Any CPU
	EndGlobalSection
	GlobalSection(SolutionProperties) = preSolution
		HideSolutionNode = FALSE
	EndGlobalSection
	GlobalSection(ExtensibilityGlobals) = postSolution
		SolutionGuid = {17DBEBFE-6564-4FD3-A03D-A98A21D06D21}
	EndGlobalSection
EndGlobal
